// !$*UTF8*$!
{
	archiveVersion = 1;
	classes = {
	};
	objectVersion = 50;
	objects = {

/* Begin PBXBuildFile section */
		1192C42823DA221B006C9689 /* AppDelegate.swift in Sources */ = {isa = PBXBuildFile; fileRef = 1192C42723DA221B006C9689 /* AppDelegate.swift */; };
		1192C42A23DA221B006C9689 /* SceneDelegate.swift in Sources */ = {isa = PBXBuildFile; fileRef = 1192C42923DA221B006C9689 /* SceneDelegate.swift */; };
		1192C42C23DA221B006C9689 /* ContentView.swift in Sources */ = {isa = PBXBuildFile; fileRef = 1192C42B23DA221B006C9689 /* ContentView.swift */; };
		1192C42E23DA221C006C9689 /* Assets.xcassets in Resources */ = {isa = PBXBuildFile; fileRef = 1192C42D23DA221C006C9689 /* Assets.xcassets */; };
		1192C43123DA221C006C9689 /* Preview Assets.xcassets in Resources */ = {isa = PBXBuildFile; fileRef = 1192C43023DA221C006C9689 /* Preview Assets.xcassets */; };
		1192C43423DA221C006C9689 /* LaunchScreen.storyboard in Resources */ = {isa = PBXBuildFile; fileRef = 1192C43223DA221C006C9689 /* LaunchScreen.storyboard */; };
		1192C43F23DA221C006C9689 /* collectorTests.swift in Sources */ = {isa = PBXBuildFile; fileRef = 1192C43E23DA221C006C9689 /* collectorTests.swift */; };
/* End PBXBuildFile section */

/* Begin PBXContainerItemProxy section */
		1192C43B23DA221C006C9689 /* PBXContainerItemProxy */ = {
			isa = PBXContainerItemProxy;
			containerPortal = 1192C41C23DA221B006C9689 /* Project object */;
			proxyType = 1;
			remoteGlobalIDString = 1192C42323DA221B006C9689;
			remoteInfo = collector;
		};
/* End PBXContainerItemProxy section */

/* Begin PBXFileReference section */
		1192C42423DA221B006C9689 /* collector.app */ = {isa = PBXFileReference; explicitFileType = wrapper.application; includeInIndex = 0; path = collector.app; sourceTree = BUILT_PRODUCTS_DIR; };
		1192C42723DA221B006C9689 /* AppDelegate.swift */ = {isa = PBXFileReference; lastKnownFileType = sourcecode.swift; path = AppDelegate.swift; sourceTree = "<group>"; };
		1192C42923DA221B006C9689 /* SceneDelegate.swift */ = {isa = PBXFileReference; lastKnownFileType = sourcecode.swift; path = SceneDelegate.swift; sourceTree = "<group>"; };
		1192C42B23DA221B006C9689 /* ContentView.swift */ = {isa = PBXFileReference; lastKnownFileType = sourcecode.swift; path = ContentView.swift; sourceTree = "<group>"; };
		1192C42D23DA221C006C9689 /* Assets.xcassets */ = {isa = PBXFileReference; lastKnownFileType = folder.assetcatalog; path = Assets.xcassets; sourceTree = "<group>"; };
		1192C43023DA221C006C9689 /* Preview Assets.xcassets */ = {isa = PBXFileReference; lastKnownFileType = folder.assetcatalog; path = "Preview Assets.xcassets"; sourceTree = "<group>"; };
		1192C43323DA221C006C9689 /* Base */ = {isa = PBXFileReference; lastKnownFileType = file.storyboard; name = Base; path = Base.lproj/LaunchScreen.storyboard; sourceTree = "<group>"; };
		1192C43523DA221C006C9689 /* Info.plist */ = {isa = PBXFileReference; lastKnownFileType = text.plist.xml; path = Info.plist; sourceTree = "<group>"; };
		1192C43A23DA221C006C9689 /* collectorTests.xctest */ = {isa = PBXFileReference; explicitFileType = wrapper.cfbundle; includeInIndex = 0; path = collectorTests.xctest; sourceTree = BUILT_PRODUCTS_DIR; };
		1192C43E23DA221C006C9689 /* collectorTests.swift */ = {isa = PBXFileReference; lastKnownFileType = sourcecode.swift; path = collectorTests.swift; sourceTree = "<group>"; };
		1192C44023DA221C006C9689 /* Info.plist */ = {isa = PBXFileReference; lastKnownFileType = text.plist.xml; path = Info.plist; sourceTree = "<group>"; };
/* End PBXFileReference section */

/* Begin PBXFrameworksBuildPhase section */
		1192C42123DA221B006C9689 /* Frameworks */ = {
			isa = PBXFrameworksBuildPhase;
			buildActionMask = 2147483647;
			files = (
			);
			runOnlyForDeploymentPostprocessing = 0;
		};
		1192C43723DA221C006C9689 /* Frameworks */ = {
			isa = PBXFrameworksBuildPhase;
			buildActionMask = 2147483647;
			files = (
			);
			runOnlyForDeploymentPostprocessing = 0;
		};
/* End PBXFrameworksBuildPhase section */

/* Begin PBXGroup section */
		1192C41B23DA221B006C9689 = {
			isa = PBXGroup;
			children = (
				1192C42623DA221B006C9689 /* collector */,
				1192C43D23DA221C006C9689 /* collectorTests */,
				1192C42523DA221B006C9689 /* Products */,
			);
			sourceTree = "<group>";
		};
		1192C42523DA221B006C9689 /* Products */ = {
			isa = PBXGroup;
			children = (
				1192C42423DA221B006C9689 /* collector.app */,
				1192C43A23DA221C006C9689 /* collectorTests.xctest */,
			);
			name = Products;
			sourceTree = "<group>";
		};
		1192C42623DA221B006C9689 /* collector */ = {
			isa = PBXGroup;
			children = (
				1192C42723DA221B006C9689 /* AppDelegate.swift */,
				1192C42923DA221B006C9689 /* SceneDelegate.swift */,
				1192C42B23DA221B006C9689 /* ContentView.swift */,
				1192C42D23DA221C006C9689 /* Assets.xcassets */,
				1192C43223DA221C006C9689 /* LaunchScreen.storyboard */,
				1192C43523DA221C006C9689 /* Info.plist */,
				1192C42F23DA221C006C9689 /* Preview Content */,
			);
			path = collector;
			sourceTree = "<group>";
		};
		1192C42F23DA221C006C9689 /* Preview Content */ = {
			isa = PBXGroup;
			children = (
				1192C43023DA221C006C9689 /* Preview Assets.xcassets */,
			);
			path = "Preview Content";
			sourceTree = "<group>";
		};
		1192C43D23DA221C006C9689 /* collectorTests */ = {
			isa = PBXGroup;
			children = (
				1192C43E23DA221C006C9689 /* collectorTests.swift */,
				1192C44023DA221C006C9689 /* Info.plist */,
			);
			path = collectorTests;
			sourceTree = "<group>";
		};
/* End PBXGroup section */

/* Begin PBXNativeTarget section */
		1192C42323DA221B006C9689 /* collector */ = {
			isa = PBXNativeTarget;
			buildConfigurationList = 1192C44323DA221C006C9689 /* Build configuration list for PBXNativeTarget "collector" */;
			buildPhases = (
				1192C42023DA221B006C9689 /* Sources */,
				1192C42123DA221B006C9689 /* Frameworks */,
				1192C42223DA221B006C9689 /* Resources */,
			);
			buildRules = (
			);
			dependencies = (
			);
			name = collector;
			productName = collector;
			productReference = 1192C42423DA221B006C9689 /* collector.app */;
			productType = "com.apple.product-type.application";
		};
		1192C43923DA221C006C9689 /* collectorTests */ = {
			isa = PBXNativeTarget;
			buildConfigurationList = 1192C44623DA221C006C9689 /* Build configuration list for PBXNativeTarget "collectorTests" */;
			buildPhases = (
				1192C43623DA221C006C9689 /* Sources */,
				1192C43723DA221C006C9689 /* Frameworks */,
				1192C43823DA221C006C9689 /* Resources */,
			);
			buildRules = (
			);
			dependencies = (
				1192C43C23DA221C006C9689 /* PBXTargetDependency */,
			);
			name = collectorTests;
			productName = collectorTests;
			productReference = 1192C43A23DA221C006C9689 /* collectorTests.xctest */;
			productType = "com.apple.product-type.bundle.unit-test";
		};
/* End PBXNativeTarget section */

/* Begin PBXProject section */
		1192C41C23DA221B006C9689 /* Project object */ = {
			isa = PBXProject;
			attributes = {
				LastSwiftUpdateCheck = 1130;
				LastUpgradeCheck = 1130;
				ORGANIZATIONNAME = Gabe;
				TargetAttributes = {
					1192C42323DA221B006C9689 = {
						CreatedOnToolsVersion = 11.3.1;
					};
					1192C43923DA221C006C9689 = {
						CreatedOnToolsVersion = 11.3.1;
						TestTargetID = 1192C42323DA221B006C9689;
					};
				};
			};
			buildConfigurationList = 1192C41F23DA221B006C9689 /* Build configuration list for PBXProject "collector" */;
			compatibilityVersion = "Xcode 9.3";
			developmentRegion = en;
			hasScannedForEncodings = 0;
			knownRegions = (
				en,
				Base,
			);
			mainGroup = 1192C41B23DA221B006C9689;
			productRefGroup = 1192C42523DA221B006C9689 /* Products */;
			projectDirPath = "";
			projectRoot = "";
			targets = (
				1192C42323DA221B006C9689 /* collector */,
				1192C43923DA221C006C9689 /* collectorTests */,
			);
		};
/* End PBXProject section */

/* Begin PBXResourcesBuildPhase section */
		1192C42223DA221B006C9689 /* Resources */ = {
			isa = PBXResourcesBuildPhase;
			buildActionMask = 2147483647;
			files = (
				1192C43423DA221C006C9689 /* LaunchScreen.storyboard in Resources */,
				1192C43123DA221C006C9689 /* Preview Assets.xcassets in Resources */,
				1192C42E23DA221C006C9689 /* Assets.xcassets in Resources */,
			);
			runOnlyForDeploymentPostprocessing = 0;
		};
		1192C43823DA221C006C9689 /* Resources */ = {
			isa = PBXResourcesBuildPhase;
			buildActionMask = 2147483647;
			files = (
			);
			runOnlyForDeploymentPostprocessing = 0;
		};
/* End PBXResourcesBuildPhase section */

/* Begin PBXSourcesBuildPhase section */
		1192C42023DA221B006C9689 /* Sources */ = {
			isa = PBXSourcesBuildPhase;
			buildActionMask = 2147483647;
			files = (
				1192C42823DA221B006C9689 /* AppDelegate.swift in Sources */,
				1192C42A23DA221B006C9689 /* SceneDelegate.swift in Sources */,
				1192C42C23DA221B006C9689 /* ContentView.swift in Sources */,
			);
			runOnlyForDeploymentPostprocessing = 0;
		};
		1192C43623DA221C006C9689 /* Sources */ = {
			isa = PBXSourcesBuildPhase;
			buildActionMask = 2147483647;
			files = (
				1192C43F23DA221C006C9689 /* collectorTests.swift in Sources */,
			);
			runOnlyForDeploymentPostprocessing = 0;
		};
/* End PBXSourcesBuildPhase section */

/* Begin PBXTargetDependency section */
		1192C43C23DA221C006C9689 /* PBXTargetDependency */ = {
			isa = PBXTargetDependency;
			target = 1192C42323DA221B006C9689 /* collector */;
			targetProxy = 1192C43B23DA221C006C9689 /* PBXContainerItemProxy */;
		};
/* End PBXTargetDependency section */

/* Begin PBXVariantGroup section */
		1192C43223DA221C006C9689 /* LaunchScreen.storyboard */ = {
			isa = PBXVariantGroup;
			children = (
				1192C43323DA221C006C9689 /* Base */,
			);
			name = LaunchScreen.storyboard;
			sourceTree = "<group>";
		};
/* End PBXVariantGroup section */

/* Begin XCBuildConfiguration section */
		1192C44123DA221C006C9689 /* Debug */ = {
			isa = XCBuildConfiguration;
			buildSettings = {
				ALWAYS_SEARCH_USER_PATHS = NO;
				CLANG_ANALYZER_NONNULL = YES;
				CLANG_ANALYZER_NUMBER_OBJECT_CONVERSION = YES_AGGRESSIVE;
				CLANG_CXX_LANGUAGE_STANDARD = "gnu++14";
				CLANG_CXX_LIBRARY = "libc++";
				CLANG_ENABLE_MODULES = YES;
				CLANG_ENABLE_OBJC_ARC = YES;
				CLANG_ENABLE_OBJC_WEAK = YES;
				CLANG_WARN_BLOCK_CAPTURE_AUTORELEASING = YES;
				CLANG_WARN_BOOL_CONVERSION = YES;
				CLANG_WARN_COMMA = YES;
				CLANG_WARN_CONSTANT_CONVERSION = YES;
				CLANG_WARN_DEPRECATED_OBJC_IMPLEMENTATIONS = YES;
				CLANG_WARN_DIRECT_OBJC_ISA_USAGE = YES_ERROR;
				CLANG_WARN_DOCUMENTATION_COMMENTS = YES;
				CLANG_WARN_EMPTY_BODY = YES;
				CLANG_WARN_ENUM_CONVERSION = YES;
				CLANG_WARN_INFINITE_RECURSION = YES;
				CLANG_WARN_INT_CONVERSION = YES;
				CLANG_WARN_NON_LITERAL_NULL_CONVERSION = YES;
				CLANG_WARN_OBJC_IMPLICIT_RETAIN_SELF = YES;
				CLANG_WARN_OBJC_LITERAL_CONVERSION = YES;
				CLANG_WARN_OBJC_ROOT_CLASS = YES_ERROR;
				CLANG_WARN_RANGE_LOOP_ANALYSIS = YES;
				CLANG_WARN_STRICT_PROTOTYPES = YES;
				CLANG_WARN_SUSPICIOUS_MOVE = YES;
				CLANG_WARN_UNGUARDED_AVAILABILITY = YES_AGGRESSIVE;
				CLANG_WARN_UNREACHABLE_CODE = YES;
				CLANG_WARN__DUPLICATE_METHOD_MATCH = YES;
				COPY_PHASE_STRIP = NO;
				DEBUG_INFORMATION_FORMAT = dwarf;
				ENABLE_STRICT_OBJC_MSGSEND = YES;
				ENABLE_TESTABILITY = YES;
				GCC_C_LANGUAGE_STANDARD = gnu11;
				GCC_DYNAMIC_NO_PIC = NO;
				GCC_NO_COMMON_BLOCKS = YES;
				GCC_OPTIMIZATION_LEVEL = 0;
				GCC_PREPROCESSOR_DEFINITIONS = (
					"DEBUG=1",
					"$(inherited)",
				);
				GCC_WARN_64_TO_32_BIT_CONVERSION = YES;
				GCC_WARN_ABOUT_RETURN_TYPE = YES_ERROR;
				GCC_WARN_UNDECLARED_SELECTOR = YES;
				GCC_WARN_UNINITIALIZED_AUTOS = YES_AGGRESSIVE;
				GCC_WARN_UNUSED_FUNCTION = YES;
				GCC_WARN_UNUSED_VARIABLE = YES;
				IPHONEOS_DEPLOYMENT_TARGET = 13.2;
				MTL_ENABLE_DEBUG_INFO = INCLUDE_SOURCE;
				MTL_FAST_MATH = YES;
				ONLY_ACTIVE_ARCH = YES;
				SDKROOT = iphoneos;
				SWIFT_ACTIVE_COMPILATION_CONDITIONS = DEBUG;
				SWIFT_OPTIMIZATION_LEVEL = "-Onone";
			};
			name = Debug;
		};
		1192C44223DA221C006C9689 /* Release */ = {
			isa = XCBuildConfiguration;
			buildSettings = {
				ALWAYS_SEARCH_USER_PATHS = NO;
				CLANG_ANALYZER_NONNULL = YES;
				CLANG_ANALYZER_NUMBER_OBJECT_CONVERSION = YES_AGGRESSIVE;
				CLANG_CXX_LANGUAGE_STANDARD = "gnu++14";
				CLANG_CXX_LIBRARY = "libc++";
				CLANG_ENABLE_MODULES = YES;
				CLANG_ENABLE_OBJC_ARC = YES;
				CLANG_ENABLE_OBJC_WEAK = YES;
				CLANG_WARN_BLOCK_CAPTURE_AUTORELEASING = YES;
				CLANG_WARN_BOOL_CONVERSION = YES;
				CLANG_WARN_COMMA = YES;
				CLANG_WARN_CONSTANT_CONVERSION = YES;
				CLANG_WARN_DEPRECATED_OBJC_IMPLEMENTATIONS = YES;
				CLANG_WARN_DIRECT_OBJC_ISA_USAGE = YES_ERROR;
				CLANG_WARN_DOCUMENTATION_COMMENTS = YES;
				CLANG_WARN_EMPTY_BODY = YES;
				CLANG_WARN_ENUM_CONVERSION = YES;
				CLANG_WARN_INFINITE_RECURSION = YES;
				CLANG_WARN_INT_CONVERSION = YES;
				CLANG_WARN_NON_LITERAL_NULL_CONVERSION = YES;
				CLANG_WARN_OBJC_IMPLICIT_RETAIN_SELF = YES;
				CLANG_WARN_OBJC_LITERAL_CONVERSION = YES;
				CLANG_WARN_OBJC_ROOT_CLASS = YES_ERROR;
				CLANG_WARN_RANGE_LOOP_ANALYSIS = YES;
				CLANG_WARN_STRICT_PROTOTYPES = YES;
				CLANG_WARN_SUSPICIOUS_MOVE = YES;
				CLANG_WARN_UNGUARDED_AVAILABILITY = YES_AGGRESSIVE;
				CLANG_WARN_UNREACHABLE_CODE = YES;
				CLANG_WARN__DUPLICATE_METHOD_MATCH = YES;
				COPY_PHASE_STRIP = NO;
				DEBUG_INFORMATION_FORMAT = "dwarf-with-dsym";
				ENABLE_NS_ASSERTIONS = NO;
				ENABLE_STRICT_OBJC_MSGSEND = YES;
				GCC_C_LANGUAGE_STANDARD = gnu11;
				GCC_NO_COMMON_BLOCKS = YES;
				GCC_WARN_64_TO_32_BIT_CONVERSION = YES;
				GCC_WARN_ABOUT_RETURN_TYPE = YES_ERROR;
				GCC_WARN_UNDECLARED_SELECTOR = YES;
				GCC_WARN_UNINITIALIZED_AUTOS = YES_AGGRESSIVE;
				GCC_WARN_UNUSED_FUNCTION = YES;
				GCC_WARN_UNUSED_VARIABLE = YES;
				IPHONEOS_DEPLOYMENT_TARGET = 13.2;
				MTL_ENABLE_DEBUG_INFO = NO;
				MTL_FAST_MATH = YES;
				SDKROOT = iphoneos;
				SWIFT_COMPILATION_MODE = wholemodule;
				SWIFT_OPTIMIZATION_LEVEL = "-O";
				VALIDATE_PRODUCT = YES;
			};
			name = Release;
		};
		1192C44423DA221C006C9689 /* Debug */ = {
			isa = XCBuildConfiguration;
			buildSettings = {
				ASSETCATALOG_COMPILER_APPICON_NAME = AppIcon;
				CODE_SIGN_STYLE = Automatic;
				DEVELOPMENT_ASSET_PATHS = "\"collector/Preview Content\"";
				DEVELOPMENT_TEAM = YMRL77PY9G;
				ENABLE_PREVIEWS = YES;
				INFOPLIST_FILE = collector/Info.plist;
				LD_RUNPATH_SEARCH_PATHS = (
					"$(inherited)",
					"@executable_path/Frameworks",
				);
				PRODUCT_BUNDLE_IDENTIFIER = Gabe.collector;
				PRODUCT_NAME = "$(TARGET_NAME)";
				SWIFT_VERSION = 5.0;
				TARGETED_DEVICE_FAMILY = "1,2";
			};
			name = Debug;
		};
		1192C44523DA221C006C9689 /* Release */ = {
			isa = XCBuildConfiguration;
			buildSettings = {
				ASSETCATALOG_COMPILER_APPICON_NAME = AppIcon;
				CODE_SIGN_STYLE = Automatic;
				DEVELOPMENT_ASSET_PATHS = "\"collector/Preview Content\"";
				DEVELOPMENT_TEAM = YMRL77PY9G;
				ENABLE_PREVIEWS = YES;
				INFOPLIST_FILE = collector/Info.plist;
				LD_RUNPATH_SEARCH_PATHS = (
					"$(inherited)",
					"@executable_path/Frameworks",
				);
				PRODUCT_BUNDLE_IDENTIFIER = Gabe.collector;
				PRODUCT_NAME = "$(TARGET_NAME)";
				SWIFT_VERSION = 5.0;
				TARGETED_DEVICE_FAMILY = "1,2";
			};
			name = Release;
		};
		1192C44723DA221C006C9689 /* Debug */ = {
			isa = XCBuildConfiguration;
			buildSettings = {
				ALWAYS_EMBED_SWIFT_STANDARD_LIBRARIES = YES;
				BUNDLE_LOADER = "$(TEST_HOST)";
				CODE_SIGN_STYLE = Automatic;
				DEVELOPMENT_TEAM = YMRL77PY9G;
				INFOPLIST_FILE = collectorTests/Info.plist;
				IPHONEOS_DEPLOYMENT_TARGET = 13.2;
				LD_RUNPATH_SEARCH_PATHS = (
					"$(inherited)",
					"@executable_path/Frameworks",
					"@loader_path/Frameworks",
				);
				PRODUCT_BUNDLE_IDENTIFIER = Gabe.collectorTests;
				PRODUCT_NAME = "$(TARGET_NAME)";
				SWIFT_VERSION = 5.0;
				TARGETED_DEVICE_FAMILY = "1,2";
				TEST_HOST = "$(BUILT_PRODUCTS_DIR)/collector.app/collector";
			};
			name = Debug;
		};
		1192C44823DA221C006C9689 /* Release */ = {
			isa = XCBuildConfiguration;
			buildSettings = {
				ALWAYS_EMBED_SWIFT_STANDARD_LIBRARIES = YES;
				BUNDLE_LOADER = "$(TEST_HOST)";
				CODE_SIGN_STYLE = Automatic;
				DEVELOPMENT_TEAM = YMRL77PY9G;
				INFOPLIST_FILE = collectorTests/Info.plist;
				IPHONEOS_DEPLOYMENT_TARGET = 13.2;
				LD_RUNPATH_SEARCH_PATHS = (
					"$(inherited)",
					"@executable_path/Frameworks",
					"@loader_path/Frameworks",
				);
				PRODUCT_BUNDLE_IDENTIFIER = Gabe.collectorTests;
				PRODUCT_NAME = "$(TARGET_NAME)";
				SWIFT_VERSION = 5.0;
				TARGETED_DEVICE_FAMILY = "1,2";
				TEST_HOST = "$(BUILT_PRODUCTS_DIR)/collector.app/collector";
			};
			name = Release;
		};
/* End XCBuildConfiguration section */

/* Begin XCConfigurationList section */
		1192C41F23DA221B006C9689 /* Build configuration list for PBXProject "collector" */ = {
			isa = XCConfigurationList;
			buildConfigurations = (
				1192C44123DA221C006C9689 /* Debug */,
				1192C44223DA221C006C9689 /* Release */,
			);
			defaultConfigurationIsVisible = 0;
			defaultConfigurationName = Release;
		};
		1192C44323DA221C006C9689 /* Build configuration list for PBXNativeTarget "collector" */ = {
			isa = XCConfigurationList;
			buildConfigurations = (
				1192C44423DA221C006C9689 /* Debug */,
				1192C44523DA221C006C9689 /* Release */,
			);
			defaultConfigurationIsVisible = 0;
			defaultConfigurationName = Release;
		};
		1192C44623DA221C006C9689 /* Build configuration list for PBXNativeTarget "collectorTests" */ = {
			isa = XCConfigurationList;
			buildConfigurations = (
				1192C44723DA221C006C9689 /* Debug */,
				1192C44823DA221C006C9689 /* Release */,
			);
			defaultConfigurationIsVisible = 0;
			defaultConfigurationName = Release;
		};
/* End XCConfigurationList section */
	};
	rootObject = 1192C41C23DA221B006C9689 /* Project object */;
}
